
Microsoft Visual Studio Solution File, Format Version 12.00
# Visual Studio Version 16
VisualStudioVersion = 16.0.30002.40
MinimumVisualStudioVersion = 10.0.40219.1
Project("{FAE04EC0-301F-11D3-BF4B-00C04F79EFBC}") = "ConsoleApp1", "ConsoleApp1\ConsoleApp1.csproj", "{2BE0265C-218B-49D3-AFFC-C568AA7E8FDD}"
EndProject
Global
	GlobalSection(SolutionConfigurationPlatforms) = preSolution
		Debug|Any CPU = Debug|Any CPU
		Release|Any CPU = Release|Any CPU
	EndGlobalSection
	GlobalSection(ProjectConfigurationPlatforms) = postSolution
		{2BE0265C-218B-49D3-AFFC-C568AA7E8FDD}.Debug|Any CPU.ActiveCfg = Debug|Any CPU
		{2BE0265C-218B-49D3-AFFC-C568AA7E8FDD}.Debug|Any CPU.Build.0 = Debug|Any CPU
		{2BE0265C-218B-49D3-AFFC-C568AA7E8FDD}.Release|Any CPU.ActiveCfg = Release|Any CPU
		{2BE0265C-218B-49D3-AFFC-C568AA7E8FDD}.Release|Any CPU.Build.0 = Release|Any CPU
	EndGlobalSection
	GlobalSection(SolutionProperties) = preSolution
		HideSolutionNode = FALSE
	EndGlobalSection
	GlobalSection(ExtensibilityGlobals) = postSolution
		SolutionGuid = {F03738BD-A6BE-4F23-8630-E3E60DFD7190}
	EndGlobalSection
EndGlobal
